
Microsoft Visual Studio Solution File, Format Version 12.00
# Visual Studio 2015
Project("{FAE04EC0-301F-11D3-BF4B-00C04F79EFBC}") = "Animationtest.Plugins", "Animationtest.Plugins.csproj", "{6B884A7B-6E6C-150D-AE7B-E457A780089A}"
EndProject
Project("{FAE04EC0-301F-11D3-BF4B-00C04F79EFBC}") = "Animationtest", "Animationtest.csproj", "{AFB1806E-4286-A846-96F2-81A3A4E4A89E}"
EndProject
Project("{FAE04EC0-301F-11D3-BF4B-00C04F79EFBC}") = "Animationtest.Editor.Plugins", "Animationtest.Editor.Plugins.csproj", "{4BEE2A3D-9D93-9CD1-F7BC-FA712F745BB0}"
EndProject
Project("{FAE04EC0-301F-11D3-BF4B-00C04F79EFBC}") = "Animationtest.Editor", "Animationtest.Editor.csproj", "{2F90DA65-96FA-10A4-FA0D-9D3E8455EE25}"
EndProject
Global
	GlobalSection(SolutionConfigurationPlatforms) = preSolution
		Debug|Any CPU = Debug|Any CPU
		Release|Any CPU = Release|Any CPU
	EndGlobalSection
	GlobalSection(ProjectConfigurationPlatforms) = postSolution
		{6B884A7B-6E6C-150D-AE7B-E457A780089A}.Debug|Any CPU.ActiveCfg = Debug|Any CPU
		{6B884A7B-6E6C-150D-AE7B-E457A780089A}.Debug|Any CPU.Build.0 = Debug|Any CPU
		{6B884A7B-6E6C-150D-AE7B-E457A780089A}.Release|Any CPU.ActiveCfg = Release|Any CPU
		{6B884A7B-6E6C-150D-AE7B-E457A780089A}.Release|Any CPU.Build.0 = Release|Any CPU
		{AFB1806E-4286-A846-96F2-81A3A4E4A89E}.Debug|Any CPU.ActiveCfg = Debug|Any CPU
		{AFB1806E-4286-A846-96F2-81A3A4E4A89E}.Debug|Any CPU.Build.0 = Debug|Any CPU
		{AFB1806E-4286-A846-96F2-81A3A4E4A89E}.Release|Any CPU.ActiveCfg = Release|Any CPU
		{AFB1806E-4286-A846-96F2-81A3A4E4A89E}.Release|Any CPU.Build.0 = Release|Any CPU
		{4BEE2A3D-9D93-9CD1-F7BC-FA712F745BB0}.Debug|Any CPU.ActiveCfg = Debug|Any CPU
		{4BEE2A3D-9D93-9CD1-F7BC-FA712F745BB0}.Debug|Any CPU.Build.0 = Debug|Any CPU
		{4BEE2A3D-9D93-9CD1-F7BC-FA712F745BB0}.Release|Any CPU.ActiveCfg = Release|Any CPU
		{4BEE2A3D-9D93-9CD1-F7BC-FA712F745BB0}.Release|Any CPU.Build.0 = Release|Any CPU
		{2F90DA65-96FA-10A4-FA0D-9D3E8455EE25}.Debug|Any CPU.ActiveCfg = Debug|Any CPU
		{2F90DA65-96FA-10A4-FA0D-9D3E8455EE25}.Debug|Any CPU.Build.0 = Debug|Any CPU
		{2F90DA65-96FA-10A4-FA0D-9D3E8455EE25}.Release|Any CPU.ActiveCfg = Release|Any CPU
		{2F90DA65-96FA-10A4-FA0D-9D3E8455EE25}.Release|Any CPU.Build.0 = Release|Any CPU
	EndGlobalSection
	GlobalSection(SolutionProperties) = preSolution
		HideSolutionNode = FALSE
	EndGlobalSection
EndGlobal
